
Microsoft Visual Studio Solution File, Format Version 12.00
# Visual Studio Version 17
VisualStudioVersion = 17.10.35013.160
MinimumVisualStudioVersion = 10.0.40219.1
Project("{9A19103F-16F7-4668-BE54-9A1E7A4F7556}") = "WolframFourierArtCode", "WolframFourierArtCode\WolframFourierArtCode.csproj", "{69FB1B26-0F6C-4517-B0C2-36B1628CF288}"
EndProject
Project("{8BC9CEB8-8B4A-11D0-8D11-00A0C91BC942}") = "TestAppCpp", "TestAppCpp\TestAppCpp.vcxproj", "{E9D9B4C2-0BC4-4984-AB83-05F7FC9D38A7}"
EndProject
Project("{9A19103F-16F7-4668-BE54-9A1E7A4F7556}") = "TestAppCsharp", "TestAppCsharp\TestAppCsharp.csproj", "{DD329CF0-2C88-4909-B881-535CD4E3F73E}"
EndProject
Project("{888888A0-9F3D-457C-B088-3A5042F75D52}") = "TestAppPython", "TestAppPython\TestAppPython.pyproj", "{4BDD91A3-79C4-4F7E-A642-51B2511CA24F}"
EndProject
Global
	GlobalSection(SolutionConfigurationPlatforms) = preSolution
		Debug|Any CPU = Debug|Any CPU
		Debug|x64 = Debug|x64
		Debug|x86 = Debug|x86
		Release|Any CPU = Release|Any CPU
		Release|x64 = Release|x64
		Release|x86 = Release|x86
	EndGlobalSection
	GlobalSection(ProjectConfigurationPlatforms) = postSolution
		{69FB1B26-0F6C-4517-B0C2-36B1628CF288}.Debug|Any CPU.ActiveCfg = Debug|Any CPU
		{69FB1B26-0F6C-4517-B0C2-36B1628CF288}.Debug|Any CPU.Build.0 = Debug|Any CPU
		{69FB1B26-0F6C-4517-B0C2-36B1628CF288}.Debug|x64.ActiveCfg = Debug|Any CPU
		{69FB1B26-0F6C-4517-B0C2-36B1628CF288}.Debug|x64.Build.0 = Debug|Any CPU
		{69FB1B26-0F6C-4517-B0C2-36B1628CF288}.Debug|x86.ActiveCfg = Debug|Any CPU
		{69FB1B26-0F6C-4517-B0C2-36B1628CF288}.Debug|x86.Build.0 = Debug|Any CPU
		{69FB1B26-0F6C-4517-B0C2-36B1628CF288}.Release|Any CPU.ActiveCfg = Release|Any CPU
		{69FB1B26-0F6C-4517-B0C2-36B1628CF288}.Release|Any CPU.Build.0 = Release|Any CPU
		{69FB1B26-0F6C-4517-B0C2-36B1628CF288}.Release|x64.ActiveCfg = Release|Any CPU
		{69FB1B26-0F6C-4517-B0C2-36B1628CF288}.Release|x64.Build.0 = Release|Any CPU
		{69FB1B26-0F6C-4517-B0C2-36B1628CF288}.Release|x86.ActiveCfg = Release|Any CPU
		{69FB1B26-0F6C-4517-B0C2-36B1628CF288}.Release|x86.Build.0 = Release|Any CPU
		{E9D9B4C2-0BC4-4984-AB83-05F7FC9D38A7}.Debug|Any CPU.ActiveCfg = Debug|x64
		{E9D9B4C2-0BC4-4984-AB83-05F7FC9D38A7}.Debug|Any CPU.Build.0 = Debug|x64
		{E9D9B4C2-0BC4-4984-AB83-05F7FC9D38A7}.Debug|x64.ActiveCfg = Debug|x64
		{E9D9B4C2-0BC4-4984-AB83-05F7FC9D38A7}.Debug|x64.Build.0 = Debug|x64
		{E9D9B4C2-0BC4-4984-AB83-05F7FC9D38A7}.Debug|x86.ActiveCfg = Debug|Win32
		{E9D9B4C2-0BC4-4984-AB83-05F7FC9D38A7}.Debug|x86.Build.0 = Debug|Win32
		{E9D9B4C2-0BC4-4984-AB83-05F7FC9D38A7}.Release|Any CPU.ActiveCfg = Release|x64
		{E9D9B4C2-0BC4-4984-AB83-05F7FC9D38A7}.Release|Any CPU.Build.0 = Release|x64
		{E9D9B4C2-0BC4-4984-AB83-05F7FC9D38A7}.Release|x64.ActiveCfg = Release|x64
		{E9D9B4C2-0BC4-4984-AB83-05F7FC9D38A7}.Release|x64.Build.0 = Release|x64
		{E9D9B4C2-0BC4-4984-AB83-05F7FC9D38A7}.Release|x86.ActiveCfg = Release|Win32
		{E9D9B4C2-0BC4-4984-AB83-05F7FC9D38A7}.Release|x86.Build.0 = Release|Win32
		{DD329CF0-2C88-4909-B881-535CD4E3F73E}.Debug|Any CPU.ActiveCfg = Debug|Any CPU
		{DD329CF0-2C88-4909-B881-535CD4E3F73E}.Debug|Any CPU.Build.0 = Debug|Any CPU
		{DD329CF0-2C88-4909-B881-535CD4E3F73E}.Debug|x64.ActiveCfg = Debug|Any CPU
		{DD329CF0-2C88-4909-B881-535CD4E3F73E}.Debug|x64.Build.0 = Debug|Any CPU
		{DD329CF0-2C88-4909-B881-535CD4E3F73E}.Debug|x86.ActiveCfg = Debug|Any CPU
		{DD329CF0-2C88-4909-B881-535CD4E3F73E}.Debug|x86.Build.0 = Debug|Any CPU
		{DD329CF0-2C88-4909-B881-535CD4E3F73E}.Release|Any CPU.ActiveCfg = Release|Any CPU
		{DD329CF0-2C88-4909-B881-535CD4E3F73E}.Release|Any CPU.Build.0 = Release|Any CPU
		{DD329CF0-2C88-4909-B881-535CD4E3F73E}.Release|x64.ActiveCfg = Release|Any CPU
		{DD329CF0-2C88-4909-B881-535CD4E3F73E}.Release|x64.Build.0 = Release|Any CPU
		{DD329CF0-2C88-4909-B881-535CD4E3F73E}.Release|x86.ActiveCfg = Release|Any CPU
		{DD329CF0-2C88-4909-B881-535CD4E3F73E}.Release|x86.Build.0 = Release|Any CPU
		{4BDD91A3-79C4-4F7E-A642-51B2511CA24F}.Debug|Any CPU.ActiveCfg = Debug|Any CPU
		{4BDD91A3-79C4-4F7E-A642-51B2511CA24F}.Debug|x64.ActiveCfg = Debug|Any CPU
		{4BDD91A3-79C4-4F7E-A642-51B2511CA24F}.Debug|x86.ActiveCfg = Debug|Any CPU
		{4BDD91A3-79C4-4F7E-A642-51B2511CA24F}.Release|Any CPU.ActiveCfg = Release|Any CPU
		{4BDD91A3-79C4-4F7E-A642-51B2511CA24F}.Release|x64.ActiveCfg = Release|Any CPU
		{4BDD91A3-79C4-4F7E-A642-51B2511CA24F}.Release|x86.ActiveCfg = Release|Any CPU
	EndGlobalSection
	GlobalSection(SolutionProperties) = preSolution
		HideSolutionNode = FALSE
	EndGlobalSection
	GlobalSection(ExtensibilityGlobals) = postSolution
		SolutionGuid = {29E53847-1953-404B-87DE-8BA2ADFF8FE3}
	EndGlobalSection
EndGlobal
